
Microsoft Visual Studio Solution File, Format Version 12.00
Project("{FAE04EC0-301F-11D3-BF4B-00C04F79EFBC}") = "IrisShell", "IrisShell\IrisShell.csproj", "{5BD4D3B1-7C04-4B86-905D-9231838EBF68}"
EndProject
Project("{FAE04EC0-301F-11D3-BF4B-00C04F79EFBC}") = "IrisShell.Tests", "IrisShell.Tests\IrisShell.Tests.csproj", "{C53449DB-BF70-4A56-BAC2-822138B72083}"
EndProject
Project("{FAE04EC0-301F-11D3-BF4B-00C04F79EFBC}") = "IrisShell.Example", "IrisShell.Example\IrisShell.Example.csproj", "{D462157D-EA46-4FF0-B815-4C937EC537BA}"
EndProject
Global
	GlobalSection(SolutionConfigurationPlatforms) = preSolution
		Debug|Any CPU = Debug|Any CPU
		Release|Any CPU = Release|Any CPU
	EndGlobalSection
	GlobalSection(ProjectConfigurationPlatforms) = postSolution
		{5BD4D3B1-7C04-4B86-905D-9231838EBF68}.Debug|Any CPU.ActiveCfg = Debug|Any CPU
		{5BD4D3B1-7C04-4B86-905D-9231838EBF68}.Debug|Any CPU.Build.0 = Debug|Any CPU
		{5BD4D3B1-7C04-4B86-905D-9231838EBF68}.Release|Any CPU.ActiveCfg = Release|Any CPU
		{5BD4D3B1-7C04-4B86-905D-9231838EBF68}.Release|Any CPU.Build.0 = Release|Any CPU
		{C53449DB-BF70-4A56-BAC2-822138B72083}.Debug|Any CPU.ActiveCfg = Debug|Any CPU
		{C53449DB-BF70-4A56-BAC2-822138B72083}.Debug|Any CPU.Build.0 = Debug|Any CPU
		{C53449DB-BF70-4A56-BAC2-822138B72083}.Release|Any CPU.ActiveCfg = Release|Any CPU
		{C53449DB-BF70-4A56-BAC2-822138B72083}.Release|Any CPU.Build.0 = Release|Any CPU
		{D462157D-EA46-4FF0-B815-4C937EC537BA}.Debug|Any CPU.ActiveCfg = Debug|Any CPU
		{D462157D-EA46-4FF0-B815-4C937EC537BA}.Debug|Any CPU.Build.0 = Debug|Any CPU
		{D462157D-EA46-4FF0-B815-4C937EC537BA}.Release|Any CPU.ActiveCfg = Release|Any CPU
		{D462157D-EA46-4FF0-B815-4C937EC537BA}.Release|Any CPU.Build.0 = Release|Any CPU
	EndGlobalSection
EndGlobal
